
Microsoft Visual Studio Solution File, Format Version 12.00
# Visual Studio Version 16
VisualStudioVersion = 16.0.30128.74
MinimumVisualStudioVersion = 10.0.40219.1
Project("{FAE04EC0-301F-11D3-BF4B-00C04F79EFBC}") = "Stack and Queue", "Stack and Queue\Stack and Queue.csproj", "{8AFA4FFB-6C23-4276-BE7F-20DF5320AB08}"
EndProject
Global
	GlobalSection(SolutionConfigurationPlatforms) = preSolution
		Debug|Any CPU = Debug|Any CPU
		Release|Any CPU = Release|Any CPU
	EndGlobalSection
	GlobalSection(ProjectConfigurationPlatforms) = postSolution
		{8AFA4FFB-6C23-4276-BE7F-20DF5320AB08}.Debug|Any CPU.ActiveCfg = Debug|Any CPU
		{8AFA4FFB-6C23-4276-BE7F-20DF5320AB08}.Debug|Any CPU.Build.0 = Debug|Any CPU
		{8AFA4FFB-6C23-4276-BE7F-20DF5320AB08}.Release|Any CPU.ActiveCfg = Release|Any CPU
		{8AFA4FFB-6C23-4276-BE7F-20DF5320AB08}.Release|Any CPU.Build.0 = Release|Any CPU
	EndGlobalSection
	GlobalSection(SolutionProperties) = preSolution
		HideSolutionNode = FALSE
	EndGlobalSection
	GlobalSection(ExtensibilityGlobals) = postSolution
		SolutionGuid = {094F3268-BBE3-4AC8-8879-80A0F72692DB}
	EndGlobalSection
EndGlobal
